
Microsoft Visual Studio Solution File, Format Version 12.00
# Visual Studio 15
VisualStudioVersion = 15.0.26228.9
MinimumVisualStudioVersion = 10.0.40219.1
Project("{9A19103F-16F7-4668-BE54-9A1E7A4F7556}") = "Lykke.AzureStorage", "src\Lykke.AzureStorage\Lykke.AzureStorage.csproj", "{6087AA29-055D-41AD-A8BB-5F99021DF84A}"
EndProject
Global
	GlobalSection(SolutionConfigurationPlatforms) = preSolution
		Debug|Any CPU = Debug|Any CPU
		Release|Any CPU = Release|Any CPU
	EndGlobalSection
	GlobalSection(ProjectConfigurationPlatforms) = postSolution
		{6087AA29-055D-41AD-A8BB-5F99021DF84A}.Debug|Any CPU.ActiveCfg = Debug|Any CPU
		{6087AA29-055D-41AD-A8BB-5F99021DF84A}.Debug|Any CPU.Build.0 = Debug|Any CPU
		{6087AA29-055D-41AD-A8BB-5F99021DF84A}.Release|Any CPU.ActiveCfg = Release|Any CPU
		{6087AA29-055D-41AD-A8BB-5F99021DF84A}.Release|Any CPU.Build.0 = Release|Any CPU
	EndGlobalSection
	GlobalSection(SolutionProperties) = preSolution
		HideSolutionNode = FALSE
	EndGlobalSection
EndGlobal
